// !$*UTF8*$!
{
	archiveVersion = 1;
	classes = {
	};
	objectVersion = 48;
	objects = {

/* Begin PBXBuildFile section */
		04112065205FBCEC00C91BA0 /* DeviceListViewController.m in Sources */ = {isa = PBXBuildFile; fileRef = 04112064205FBCEC00C91BA0 /* DeviceListViewController.m */; };
		04112069205FD54E00C91BA0 /* AddDeviceViewController.m in Sources */ = {isa = PBXBuildFile; fileRef = 04112068205FD54E00C91BA0 /* AddDeviceViewController.m */; };
		0411BC192071D235000FC687 /* TaskCell.m in Sources */ = {isa = PBXBuildFile; fileRef = 0411BC182071D235000FC687 /* TaskCell.m */; };
		0411BC1C2071FCAA000FC687 /* TaskListViewController.m in Sources */ = {isa = PBXBuildFile; fileRef = 0411BC1B2071FCAA000FC687 /* TaskListViewController.m */; };
		0411BC1F2072160F000FC687 /* SendTreatmentSuccessView.m in Sources */ = {isa = PBXBuildFile; fileRef = 0411BC1E2072160F000FC687 /* SendTreatmentSuccessView.m */; };
		0411BC2120721629000FC687 /* SendTreatmentSuccessView.xib in Resources */ = {isa = PBXBuildFile; fileRef = 0411BC2020721629000FC687 /* SendTreatmentSuccessView.xib */; };
		0419F406207331A800C83C2B /* TreatmentParam.plist in Resources */ = {isa = PBXBuildFile; fileRef = 0419F405207331A800C83C2B /* TreatmentParam.plist */; };
		0419F4082073515900C83C2B /* Task.plist in Resources */ = {isa = PBXBuildFile; fileRef = 0419F4072073515900C83C2B /* Task.plist */; };
		041B791D2068EDB2001D04C8 /* BETextField.m in Sources */ = {isa = PBXBuildFile; fileRef = 041B791C2068EDB2001D04C8 /* BETextField.m */; };
		041B79202068F3F2001D04C8 /* NSDate+BRAdd.m in Sources */ = {isa = PBXBuildFile; fileRef = 041B791E2068F3F2001D04C8 /* NSDate+BRAdd.m */; };
		041FDD5320722D2100BE6EC9 /* SendTreatmentFailView.xib in Resources */ = {isa = PBXBuildFile; fileRef = 041FDD5220722D2100BE6EC9 /* SendTreatmentFailView.xib */; };
		041FDD5620722D4300BE6EC9 /* SendTreatmentFailView.m in Sources */ = {isa = PBXBuildFile; fileRef = 041FDD5520722D4300BE6EC9 /* SendTreatmentFailView.m */; };
		04484FCE2064CA5900467611 /* PatientListViewController.m in Sources */ = {isa = PBXBuildFile; fileRef = 04484FCD2064CA5900467611 /* PatientListViewController.m */; };
		04484FD12064CDBF00467611 /* OnlineDeviceViewController.m in Sources */ = {isa = PBXBuildFile; fileRef = 04484FD02064CDBF00467611 /* OnlineDeviceViewController.m */; };
		04484FD52064CDF400467611 /* SettingViewController.m in Sources */ = {isa = PBXBuildFile; fileRef = 04484FD42064CDF400467611 /* SettingViewController.m */; };
		04484FDB2064D72500467611 /* NetWorkTool.m in Sources */ = {isa = PBXBuildFile; fileRef = 04484FD92064D72500467611 /* NetWorkTool.m */; };
		04484FDC2064D9ED00467611 /* LoginViewController.m in Sources */ = {isa = PBXBuildFile; fileRef = 04484FD72064D26100467611 /* LoginViewController.m */; };
		045F6C8B206E2241006DBBF7 /* HttpResponse.m in Sources */ = {isa = PBXBuildFile; fileRef = 045F6C8A206E2240006DBBF7 /* HttpResponse.m */; };
		0465E38D206C6D91009A2264 /* QuestionCell.m in Sources */ = {isa = PBXBuildFile; fileRef = 0465E38C206C6D91009A2264 /* QuestionCell.m */; };
		0465E390206C7563009A2264 /* RecordModel.m in Sources */ = {isa = PBXBuildFile; fileRef = 0465E38F206C7563009A2264 /* RecordModel.m */; };
		0465E395206CD9CD009A2264 /* EditUserInfoController.m in Sources */ = {isa = PBXBuildFile; fileRef = 0465E394206CD9CD009A2264 /* EditUserInfoController.m */; };
		04661DEA206091B6002641D1 /* DeviceTableViewCell.m in Sources */ = {isa = PBXBuildFile; fileRef = 04661DE8206091B6002641D1 /* DeviceTableViewCell.m */; };
		04661DEE2060999D002641D1 /* EditDeviceViewController.m in Sources */ = {isa = PBXBuildFile; fileRef = 04661DED2060999D002641D1 /* EditDeviceViewController.m */; };
		046C02102069E48100FDD974 /* BEButton.m in Sources */ = {isa = PBXBuildFile; fileRef = 046C020F2069E48100FDD974 /* BEButton.m */; };
		046C02132069EC3500FDD974 /* TreatmentCourseRecordViewController.m in Sources */ = {isa = PBXBuildFile; fileRef = 046C02122069EC3500FDD974 /* TreatmentCourseRecordViewController.m */; };
		046C021A2069F49A00FDD974 /* TreatRecordCell.m in Sources */ = {isa = PBXBuildFile; fileRef = 046C02192069F49A00FDD974 /* TreatRecordCell.m */; };
		046C021D206A129400FDD974 /* VASMarkView.m in Sources */ = {isa = PBXBuildFile; fileRef = 046C021C206A129400FDD974 /* VASMarkView.m */; };
		046C021F206A12A600FDD974 /* VASMarkView.xib in Resources */ = {isa = PBXBuildFile; fileRef = 046C021E206A12A600FDD974 /* VASMarkView.xib */; };
		046E2E0F2061FB0E00DEFD70 /* AddDeviceCell.m in Sources */ = {isa = PBXBuildFile; fileRef = 046E2E0E2061FB0E00DEFD70 /* AddDeviceCell.m */; };
		046E2E1220622FD600DEFD70 /* QRCodeViewController.m in Sources */ = {isa = PBXBuildFile; fileRef = 046E2E1120622FD600DEFD70 /* QRCodeViewController.m */; };
		046E2E2D2062370800DEFD70 /* QRCameraSwitchButton.m in Sources */ = {isa = PBXBuildFile; fileRef = 046E2E152062370800DEFD70 /* QRCameraSwitchButton.m */; };
		046E2E2E2062370800DEFD70 /* QRCodeReader.m in Sources */ = {isa = PBXBuildFile; fileRef = 046E2E172062370800DEFD70 /* QRCodeReader.m */; };
		046E2E2F2062370800DEFD70 /* QRCodeReaderAanimationLineView.m in Sources */ = {isa = PBXBuildFile; fileRef = 046E2E1B2062370800DEFD70 /* QRCodeReaderAanimationLineView.m */; };
		046E2E302062370800DEFD70 /* QRCodeReaderMaskView.m in Sources */ = {isa = PBXBuildFile; fileRef = 046E2E1D2062370800DEFD70 /* QRCodeReaderMaskView.m */; };
		046E2E312062370800DEFD70 /* QRCodeReaderView.m in Sources */ = {isa = PBXBuildFile; fileRef = 046E2E1F2062370800DEFD70 /* QRCodeReaderView.m */; };
		046E2E322062370800DEFD70 /* QRCodeReaderViewController.m in Sources */ = {isa = PBXBuildFile; fileRef = 046E2E212062370800DEFD70 /* QRCodeReaderViewController.m */; };
		046E2E332062370800DEFD70 /* QRCodeBottomLeft@2x.png in Resources */ = {isa = PBXBuildFile; fileRef = 046E2E232062370800DEFD70 /* QRCodeBottomLeft@2x.png */; };
		046E2E342062370800DEFD70 /* QRCodeBottomLeft@3x.png in Resources */ = {isa = PBXBuildFile; fileRef = 046E2E242062370800DEFD70 /* QRCodeBottomLeft@3x.png */; };
		046E2E352062370800DEFD70 /* QRCodeBottomRight@2x.png in Resources */ = {isa = PBXBuildFile; fileRef = 046E2E252062370800DEFD70 /* QRCodeBottomRight@2x.png */; };
		046E2E362062370800DEFD70 /* QRCodeBottomRight@3x.png in Resources */ = {isa = PBXBuildFile; fileRef = 046E2E262062370800DEFD70 /* QRCodeBottomRight@3x.png */; };
		046E2E372062370800DEFD70 /* QRCodeLine@2x.png in Resources */ = {isa = PBXBuildFile; fileRef = 046E2E272062370800DEFD70 /* QRCodeLine@2x.png */; };
		046E2E382062370800DEFD70 /* QRCodeLine@3x.png in Resources */ = {isa = PBXBuildFile; fileRef = 046E2E282062370800DEFD70 /* QRCodeLine@3x.png */; };
		046E2E392062370800DEFD70 /* QRCodeTopLeft@2x.png in Resources */ = {isa = PBXBuildFile; fileRef = 046E2E292062370800DEFD70 /* QRCodeTopLeft@2x.png */; };
		046E2E3A2062370800DEFD70 /* QRCodeTopLeft@3x.png in Resources */ = {isa = PBXBuildFile; fileRef = 046E2E2A2062370800DEFD70 /* QRCodeTopLeft@3x.png */; };
		046E2E3B2062370800DEFD70 /* QRCodeTopRight@2x.png in Resources */ = {isa = PBXBuildFile; fileRef = 046E2E2B2062370800DEFD70 /* QRCodeTopRight@2x.png */; };
		046E2E3C2062370800DEFD70 /* QRCodeTopRight@3x.png in Resources */ = {isa = PBXBuildFile; fileRef = 046E2E2C2062370800DEFD70 /* QRCodeTopRight@3x.png */; };
		047CA1E12063A24800D6B1A4 /* wenshang.ttf in Resources */ = {isa = PBXBuildFile; fileRef = 047CA1E020639C0F00D6B1A4 /* wenshang.ttf */; };
		047CA1E42063A86300D6B1A4 /* SetNetWorkView.m in Sources */ = {isa = PBXBuildFile; fileRef = 047CA1E32063A86300D6B1A4 /* SetNetWorkView.m */; };
		047CA1E62063A88100D6B1A4 /* SetNetWorkView.xib in Resources */ = {isa = PBXBuildFile; fileRef = 047CA1E52063A88100D6B1A4 /* SetNetWorkView.xib */; };
		0495FD1A206F26EA00D01E2C /* Pack.m in Sources */ = {isa = PBXBuildFile; fileRef = 0495FD17206F26EA00D01E2C /* Pack.m */; };
		0495FD1B206F26EA00D01E2C /* Unpack.m in Sources */ = {isa = PBXBuildFile; fileRef = 0495FD19206F26EA00D01E2C /* Unpack.m */; };
		049C577A20688E6800180A8B /* ContactServiceView.m in Sources */ = {isa = PBXBuildFile; fileRef = 049C577920688E6800180A8B /* ContactServiceView.m */; };
		049C577C20688EA700180A8B /* ContactServiceView.xib in Resources */ = {isa = PBXBuildFile; fileRef = 049C577B20688EA700180A8B /* ContactServiceView.xib */; };
		049C577F20689A2900180A8B /* EditPasswordController.m in Sources */ = {isa = PBXBuildFile; fileRef = 049C577E20689A2900180A8B /* EditPasswordController.m */; };
		049C57832068C18B00180A8B /* PatientTableViewCell.m in Sources */ = {isa = PBXBuildFile; fileRef = 049C57812068C18B00180A8B /* PatientTableViewCell.m */; };
		049C57842068C18B00180A8B /* PatientTableViewCell.xib in Resources */ = {isa = PBXBuildFile; fileRef = 049C57822068C18B00180A8B /* PatientTableViewCell.xib */; };
		049C57872068C5E200180A8B /* AddPatientViewController.m in Sources */ = {isa = PBXBuildFile; fileRef = 049C57862068C5E200180A8B /* AddPatientViewController.m */; };
		04A5530320737E4900822DB4 /* PopoverTreatwayController.m in Sources */ = {isa = PBXBuildFile; fileRef = 04A5530220737E4900822DB4 /* PopoverTreatwayController.m */; };
		04C8B64F206B4ACD00DEB3F0 /* RecordDetailViewController.m in Sources */ = {isa = PBXBuildFile; fileRef = 04C8B64E206B4ACD00DEB3F0 /* RecordDetailViewController.m */; };
		04C8B65F206B711000DEB3F0 /* RecordItemCell.m in Sources */ = {isa = PBXBuildFile; fileRef = 04C8B65E206B711000DEB3F0 /* RecordItemCell.m */; };
		04C8B661206B75C400DEB3F0 /* Record.plist in Resources */ = {isa = PBXBuildFile; fileRef = 04C8B660206B75C400DEB3F0 /* Record.plist */; };
		04ED0EB520528A1800638850 /* AppDelegate.m in Sources */ = {isa = PBXBuildFile; fileRef = 04ED0EB420528A1800638850 /* AppDelegate.m */; };
		04ED0EBE20528A1800638850 /* Main.storyboard in Resources */ = {isa = PBXBuildFile; fileRef = 04ED0EBC20528A1800638850 /* Main.storyboard */; };
		04ED0EC020528A1800638850 /* Assets.xcassets in Resources */ = {isa = PBXBuildFile; fileRef = 04ED0EBF20528A1800638850 /* Assets.xcassets */; };
		04ED0EC320528A1800638850 /* LaunchScreen.storyboard in Resources */ = {isa = PBXBuildFile; fileRef = 04ED0EC120528A1800638850 /* LaunchScreen.storyboard */; };
		04ED0EC620528A1800638850 /* main.m in Sources */ = {isa = PBXBuildFile; fileRef = 04ED0EC520528A1800638850 /* main.m */; };
		04ED0ED020528A1800638850 /* PainManagementSystemTests.m in Sources */ = {isa = PBXBuildFile; fileRef = 04ED0ECF20528A1800638850 /* PainManagementSystemTests.m */; };
		04ED0EDB20528A1800638850 /* PainManagementSystemUITests.m in Sources */ = {isa = PBXBuildFile; fileRef = 04ED0EDA20528A1800638850 /* PainManagementSystemUITests.m */; };
		9FFB073ED4B1021C4A51AB39 /* libPods-PainManagementSystem.a in Frameworks */ = {isa = PBXBuildFile; fileRef = EFF07182ACBF97C4E7B469FD /* libPods-PainManagementSystem.a */; };
/* End PBXBuildFile section */

/* Begin PBXContainerItemProxy section */
		04ED0ECC20528A1800638850 /* PBXContainerItemProxy */ = {
			isa = PBXContainerItemProxy;
			containerPortal = 04ED0EA820528A1800638850 /* Project object */;
			proxyType = 1;
			remoteGlobalIDString = 04ED0EAF20528A1800638850;
			remoteInfo = PainManagementSystem;
		};
		04ED0ED720528A1800638850 /* PBXContainerItemProxy */ = {
			isa = PBXContainerItemProxy;
			containerPortal = 04ED0EA820528A1800638850 /* Project object */;
			proxyType = 1;
			remoteGlobalIDString = 04ED0EAF20528A1800638850;
			remoteInfo = PainManagementSystem;
		};
/* End PBXContainerItemProxy section */

/* Begin PBXFileReference section */
		04112063205FBCEC00C91BA0 /* DeviceListViewController.h */ = {isa = PBXFileReference; lastKnownFileType = sourcecode.c.h; path = DeviceListViewController.h; sourceTree = "<group>"; };
		04112064205FBCEC00C91BA0 /* DeviceListViewController.m */ = {isa = PBXFileReference; lastKnownFileType = sourcecode.c.objc; path = DeviceListViewController.m; sourceTree = "<group>"; };
		04112067205FD54E00C91BA0 /* AddDeviceViewController.h */ = {isa = PBXFileReference; lastKnownFileType = sourcecode.c.h; path = AddDeviceViewController.h; sourceTree = "<group>"; };
		04112068205FD54E00C91BA0 /* AddDeviceViewController.m */ = {isa = PBXFileReference; lastKnownFileType = sourcecode.c.objc; path = AddDeviceViewController.m; sourceTree = "<group>"; };
		0411BC172071D235000FC687 /* TaskCell.h */ = {isa = PBXFileReference; lastKnownFileType = sourcecode.c.h; path = TaskCell.h; sourceTree = "<group>"; };
		0411BC182071D235000FC687 /* TaskCell.m */ = {isa = PBXFileReference; lastKnownFileType = sourcecode.c.objc; path = TaskCell.m; sourceTree = "<group>"; };
		0411BC1A2071FCAA000FC687 /* TaskListViewController.h */ = {isa = PBXFileReference; lastKnownFileType = sourcecode.c.h; path = TaskListViewController.h; sourceTree = "<group>"; };
		0411BC1B2071FCAA000FC687 /* TaskListViewController.m */ = {isa = PBXFileReference; lastKnownFileType = sourcecode.c.objc; path = TaskListViewController.m; sourceTree = "<group>"; };
		0411BC1D2072160F000FC687 /* SendTreatmentSuccessView.h */ = {isa = PBXFileReference; lastKnownFileType = sourcecode.c.h; path = SendTreatmentSuccessView.h; sourceTree = "<group>"; };
		0411BC1E2072160F000FC687 /* SendTreatmentSuccessView.m */ = {isa = PBXFileReference; lastKnownFileType = sourcecode.c.objc; path = SendTreatmentSuccessView.m; sourceTree = "<group>"; };
		0411BC2020721629000FC687 /* SendTreatmentSuccessView.xib */ = {isa = PBXFileReference; lastKnownFileType = file.xib; path = SendTreatmentSuccessView.xib; sourceTree = "<group>"; };
		0419F405207331A800C83C2B /* TreatmentParam.plist */ = {isa = PBXFileReference; lastKnownFileType = text.plist.xml; path = TreatmentParam.plist; sourceTree = "<group>"; };
		0419F4072073515900C83C2B /* Task.plist */ = {isa = PBXFileReference; lastKnownFileType = text.plist.xml; path = Task.plist; sourceTree = "<group>"; };
		041B791B2068EDB2001D04C8 /* BETextField.h */ = {isa = PBXFileReference; lastKnownFileType = sourcecode.c.h; path = BETextField.h; sourceTree = "<group>"; };
		041B791C2068EDB2001D04C8 /* BETextField.m */ = {isa = PBXFileReference; lastKnownFileType = sourcecode.c.objc; path = BETextField.m; sourceTree = "<group>"; };
		041B791E2068F3F2001D04C8 /* NSDate+BRAdd.m */ = {isa = PBXFileReference; fileEncoding = 4; lastKnownFileType = sourcecode.c.objc; path = "NSDate+BRAdd.m"; sourceTree = "<group>"; };
		041B791F2068F3F2001D04C8 /* NSDate+BRAdd.h */ = {isa = PBXFileReference; fileEncoding = 4; lastKnownFileType = sourcecode.c.h; path = "NSDate+BRAdd.h"; sourceTree = "<group>"; };
		041FDD5220722D2100BE6EC9 /* SendTreatmentFailView.xib */ = {isa = PBXFileReference; lastKnownFileType = file.xib; path = SendTreatmentFailView.xib; sourceTree = "<group>"; };
		041FDD5420722D4300BE6EC9 /* SendTreatmentFailView.h */ = {isa = PBXFileReference; lastKnownFileType = sourcecode.c.h; path = SendTreatmentFailView.h; sourceTree = "<group>"; };
		041FDD5520722D4300BE6EC9 /* SendTreatmentFailView.m */ = {isa = PBXFileReference; lastKnownFileType = sourcecode.c.objc; path = SendTreatmentFailView.m; sourceTree = "<group>"; };
		04484FCC2064CA5900467611 /* PatientListViewController.h */ = {isa = PBXFileReference; lastKnownFileType = sourcecode.c.h; path = PatientListViewController.h; sourceTree = "<group>"; };
		04484FCD2064CA5900467611 /* PatientListViewController.m */ = {isa = PBXFileReference; lastKnownFileType = sourcecode.c.objc; path = PatientListViewController.m; sourceTree = "<group>"; };
		04484FCF2064CDBF00467611 /* OnlineDeviceViewController.h */ = {isa = PBXFileReference; lastKnownFileType = sourcecode.c.h; path = OnlineDeviceViewController.h; sourceTree = "<group>"; };
		04484FD02064CDBF00467611 /* OnlineDeviceViewController.m */ = {isa = PBXFileReference; lastKnownFileType = sourcecode.c.objc; path = OnlineDeviceViewController.m; sourceTree = "<group>"; };
		04484FD32064CDF400467611 /* SettingViewController.h */ = {isa = PBXFileReference; lastKnownFileType = sourcecode.c.h; path = SettingViewController.h; sourceTree = "<group>"; };
		04484FD42064CDF400467611 /* SettingViewController.m */ = {isa = PBXFileReference; lastKnownFileType = sourcecode.c.objc; path = SettingViewController.m; sourceTree = "<group>"; };
		04484FD72064D26100467611 /* LoginViewController.m */ = {isa = PBXFileReference; lastKnownFileType = sourcecode.c.objc; path = LoginViewController.m; sourceTree = "<group>"; };
		04484FD82064D26200467611 /* LoginViewController.h */ = {isa = PBXFileReference; lastKnownFileType = sourcecode.c.h; path = LoginViewController.h; sourceTree = "<group>"; };
		04484FD92064D72500467611 /* NetWorkTool.m */ = {isa = PBXFileReference; fileEncoding = 4; lastKnownFileType = sourcecode.c.objc; path = NetWorkTool.m; sourceTree = "<group>"; };
		04484FDA2064D72500467611 /* NetWorkTool.h */ = {isa = PBXFileReference; fileEncoding = 4; lastKnownFileType = sourcecode.c.h; path = NetWorkTool.h; sourceTree = "<group>"; };
		045F6C89206E2240006DBBF7 /* HttpResponse.h */ = {isa = PBXFileReference; fileEncoding = 4; lastKnownFileType = sourcecode.c.h; path = HttpResponse.h; sourceTree = "<group>"; };
		045F6C8A206E2240006DBBF7 /* HttpResponse.m */ = {isa = PBXFileReference; fileEncoding = 4; lastKnownFileType = sourcecode.c.objc; path = HttpResponse.m; sourceTree = "<group>"; };
		045F6C8C206E2E5D006DBBF7 /* BaseHeader.h */ = {isa = PBXFileReference; lastKnownFileType = sourcecode.c.h; path = BaseHeader.h; sourceTree = "<group>"; };
		0465E38B206C6D91009A2264 /* QuestionCell.h */ = {isa = PBXFileReference; lastKnownFileType = sourcecode.c.h; path = QuestionCell.h; sourceTree = "<group>"; };
		0465E38C206C6D91009A2264 /* QuestionCell.m */ = {isa = PBXFileReference; lastKnownFileType = sourcecode.c.objc; path = QuestionCell.m; sourceTree = "<group>"; };
		0465E38E206C7563009A2264 /* RecordModel.h */ = {isa = PBXFileReference; lastKnownFileType = sourcecode.c.h; path = RecordModel.h; sourceTree = "<group>"; };
		0465E38F206C7563009A2264 /* RecordModel.m */ = {isa = PBXFileReference; lastKnownFileType = sourcecode.c.objc; path = RecordModel.m; sourceTree = "<group>"; };
		0465E393206CD9CD009A2264 /* EditUserInfoController.h */ = {isa = PBXFileReference; lastKnownFileType = sourcecode.c.h; path = EditUserInfoController.h; sourceTree = "<group>"; };
		0465E394206CD9CD009A2264 /* EditUserInfoController.m */ = {isa = PBXFileReference; lastKnownFileType = sourcecode.c.objc; path = EditUserInfoController.m; sourceTree = "<group>"; };
		04661DE7206091B6002641D1 /* DeviceTableViewCell.h */ = {isa = PBXFileReference; lastKnownFileType = sourcecode.c.h; path = DeviceTableViewCell.h; sourceTree = "<group>"; };
		04661DE8206091B6002641D1 /* DeviceTableViewCell.m */ = {isa = PBXFileReference; lastKnownFileType = sourcecode.c.objc; path = DeviceTableViewCell.m; sourceTree = "<group>"; };
		04661DEC2060999D002641D1 /* EditDeviceViewController.h */ = {isa = PBXFileReference; lastKnownFileType = sourcecode.c.h; path = EditDeviceViewController.h; sourceTree = "<group>"; };
		04661DED2060999D002641D1 /* EditDeviceViewController.m */ = {isa = PBXFileReference; lastKnownFileType = sourcecode.c.objc; path = EditDeviceViewController.m; sourceTree = "<group>"; };
		046C020E2069E48100FDD974 /* BEButton.h */ = {isa = PBXFileReference; lastKnownFileType = sourcecode.c.h; path = BEButton.h; sourceTree = "<group>"; };
		046C020F2069E48100FDD974 /* BEButton.m */ = {isa = PBXFileReference; lastKnownFileType = sourcecode.c.objc; path = BEButton.m; sourceTree = "<group>"; };
		046C02112069EC3500FDD974 /* TreatmentCourseRecordViewController.h */ = {isa = PBXFileReference; lastKnownFileType = sourcecode.c.h; path = TreatmentCourseRecordViewController.h; sourceTree = "<group>"; };
		046C02122069EC3500FDD974 /* TreatmentCourseRecordViewController.m */ = {isa = PBXFileReference; lastKnownFileType = sourcecode.c.objc; path = TreatmentCourseRecordViewController.m; sourceTree = "<group>"; };
		046C02182069F49A00FDD974 /* TreatRecordCell.h */ = {isa = PBXFileReference; lastKnownFileType = sourcecode.c.h; path = TreatRecordCell.h; sourceTree = "<group>"; };
		046C02192069F49A00FDD974 /* TreatRecordCell.m */ = {isa = PBXFileReference; lastKnownFileType = sourcecode.c.objc; path = TreatRecordCell.m; sourceTree = "<group>"; };
		046C021B206A129400FDD974 /* VASMarkView.h */ = {isa = PBXFileReference; lastKnownFileType = sourcecode.c.h; path = VASMarkView.h; sourceTree = "<group>"; };
		046C021C206A129400FDD974 /* VASMarkView.m */ = {isa = PBXFileReference; lastKnownFileType = sourcecode.c.objc; path = VASMarkView.m; sourceTree = "<group>"; };
		046C021E206A12A600FDD974 /* VASMarkView.xib */ = {isa = PBXFileReference; lastKnownFileType = file.xib; path = VASMarkView.xib; sourceTree = "<group>"; };
		046E2E0D2061FB0E00DEFD70 /* AddDeviceCell.h */ = {isa = PBXFileReference; lastKnownFileType = sourcecode.c.h; path = AddDeviceCell.h; sourceTree = "<group>"; };
		046E2E0E2061FB0E00DEFD70 /* AddDeviceCell.m */ = {isa = PBXFileReference; lastKnownFileType = sourcecode.c.objc; path = AddDeviceCell.m; sourceTree = "<group>"; };
		046E2E1020622FD600DEFD70 /* QRCodeViewController.h */ = {isa = PBXFileReference; lastKnownFileType = sourcecode.c.h; path = QRCodeViewController.h; sourceTree = "<group>"; };
		046E2E1120622FD600DEFD70 /* QRCodeViewController.m */ = {isa = PBXFileReference; lastKnownFileType = sourcecode.c.objc; path = QRCodeViewController.m; sourceTree = "<group>"; };
		046E2E142062370800DEFD70 /* QRCameraSwitchButton.h */ = {isa = PBXFileReference; fileEncoding = 4; lastKnownFileType = sourcecode.c.h; path = QRCameraSwitchButton.h; sourceTree = "<group>"; };
		046E2E152062370800DEFD70 /* QRCameraSwitchButton.m */ = {isa = PBXFileReference; fileEncoding = 4; lastKnownFileType = sourcecode.c.objc; path = QRCameraSwitchButton.m; sourceTree = "<group>"; };
		046E2E162062370800DEFD70 /* QRCodeReader.h */ = {isa = PBXFileReference; fileEncoding = 4; lastKnownFileType = sourcecode.c.h; path = QRCodeReader.h; sourceTree = "<group>"; };
		046E2E172062370800DEFD70 /* QRCodeReader.m */ = {isa = PBXFileReference; fileEncoding = 4; lastKnownFileType = sourcecode.c.objc; path = QRCodeReader.m; sourceTree = "<group>"; };
		046E2E182062370800DEFD70 /* QRCodeReaderDelegate.h */ = {isa = PBXFileReference; fileEncoding = 4; lastKnownFileType = sourcecode.c.h; path = QRCodeReaderDelegate.h; sourceTree = "<group>"; };
		046E2E1A2062370800DEFD70 /* QRCodeReaderAanimationLineView.h */ = {isa = PBXFileReference; fileEncoding = 4; lastKnownFileType = sourcecode.c.h; path = QRCodeReaderAanimationLineView.h; sourceTree = "<group>"; };
		046E2E1B2062370800DEFD70 /* QRCodeReaderAanimationLineView.m */ = {isa = PBXFileReference; fileEncoding = 4; lastKnownFileType = sourcecode.c.objc; path = QRCodeReaderAanimationLineView.m; sourceTree = "<group>"; };
		046E2E1C2062370800DEFD70 /* QRCodeReaderMaskView.h */ = {isa = PBXFileReference; fileEncoding = 4; lastKnownFileType = sourcecode.c.h; path = QRCodeReaderMaskView.h; sourceTree = "<group>"; };
		046E2E1D2062370800DEFD70 /* QRCodeReaderMaskView.m */ = {isa = PBXFileReference; fileEncoding = 4; lastKnownFileType = sourcecode.c.objc; path = QRCodeReaderMaskView.m; sourceTree = "<group>"; };
		046E2E1E2062370800DEFD70 /* QRCodeReaderView.h */ = {isa = PBXFileReference; fileEncoding = 4; lastKnownFileType = sourcecode.c.h; path = QRCodeReaderView.h; sourceTree = "<group>"; };
		046E2E1F2062370800DEFD70 /* QRCodeReaderView.m */ = {isa = PBXFileReference; fileEncoding = 4; lastKnownFileType = sourcecode.c.objc; path = QRCodeReaderView.m; sourceTree = "<group>"; };
		046E2E202062370800DEFD70 /* QRCodeReaderViewController.h */ = {isa = PBXFileReference; fileEncoding = 4; lastKnownFileType = sourcecode.c.h; path = QRCodeReaderViewController.h; sourceTree = "<group>"; };
		046E2E212062370800DEFD70 /* QRCodeReaderViewController.m */ = {isa = PBXFileReference; fileEncoding = 4; lastKnownFileType = sourcecode.c.objc; path = QRCodeReaderViewController.m; sourceTree = "<group>"; };
		046E2E232062370800DEFD70 /* QRCodeBottomLeft@2x.png */ = {isa = PBXFileReference; lastKnownFileType = image.png; path = "QRCodeBottomLeft@2x.png"; sourceTree = "<group>"; };
		046E2E242062370800DEFD70 /* QRCodeBottomLeft@3x.png */ = {isa = PBXFileReference; lastKnownFileType = image.png; path = "QRCodeBottomLeft@3x.png"; sourceTree = "<group>"; };
		046E2E252062370800DEFD70 /* QRCodeBottomRight@2x.png */ = {isa = PBXFileReference; lastKnownFileType = image.png; path = "QRCodeBottomRight@2x.png"; sourceTree = "<group>"; };
		046E2E262062370800DEFD70 /* QRCodeBottomRight@3x.png */ = {isa = PBXFileReference; lastKnownFileType = image.png; path = "QRCodeBottomRight@3x.png"; sourceTree = "<group>"; };
		046E2E272062370800DEFD70 /* QRCodeLine@2x.png */ = {isa = PBXFileReference; lastKnownFileType = image.png; path = "QRCodeLine@2x.png"; sourceTree = "<group>"; };
		046E2E282062370800DEFD70 /* QRCodeLine@3x.png */ = {isa = PBXFileReference; lastKnownFileType = image.png; path = "QRCodeLine@3x.png"; sourceTree = "<group>"; };
		046E2E292062370800DEFD70 /* QRCodeTopLeft@2x.png */ = {isa = PBXFileReference; lastKnownFileType = image.png; path = "QRCodeTopLeft@2x.png"; sourceTree = "<group>"; };
		046E2E2A2062370800DEFD70 /* QRCodeTopLeft@3x.png */ = {isa = PBXFileReference; lastKnownFileType = image.png; path = "QRCodeTopLeft@3x.png"; sourceTree = "<group>"; };
		046E2E2B2062370800DEFD70 /* QRCodeTopRight@2x.png */ = {isa = PBXFileReference; lastKnownFileType = image.png; path = "QRCodeTopRight@2x.png"; sourceTree = "<group>"; };
		046E2E2C2062370800DEFD70 /* QRCodeTopRight@3x.png */ = {isa = PBXFileReference; lastKnownFileType = image.png; path = "QRCodeTopRight@3x.png"; sourceTree = "<group>"; };
		047CA1E020639C0F00D6B1A4 /* wenshang.ttf */ = {isa = PBXFileReference; lastKnownFileType = file; path = wenshang.ttf; sourceTree = "<group>"; };
		047CA1E22063A86300D6B1A4 /* SetNetWorkView.h */ = {isa = PBXFileReference; lastKnownFileType = sourcecode.c.h; path = SetNetWorkView.h; sourceTree = "<group>"; };
		047CA1E32063A86300D6B1A4 /* SetNetWorkView.m */ = {isa = PBXFileReference; lastKnownFileType = sourcecode.c.objc; path = SetNetWorkView.m; sourceTree = "<group>"; };
		047CA1E52063A88100D6B1A4 /* SetNetWorkView.xib */ = {isa = PBXFileReference; lastKnownFileType = file.xib; path = SetNetWorkView.xib; sourceTree = "<group>"; };
		0495FD16206F26EA00D01E2C /* Pack.h */ = {isa = PBXFileReference; fileEncoding = 4; lastKnownFileType = sourcecode.c.h; path = Pack.h; sourceTree = "<group>"; };
		0495FD17206F26EA00D01E2C /* Pack.m */ = {isa = PBXFileReference; fileEncoding = 4; lastKnownFileType = sourcecode.c.objc; path = Pack.m; sourceTree = "<group>"; };
		0495FD18206F26EA00D01E2C /* Unpack.h */ = {isa = PBXFileReference; fileEncoding = 4; lastKnownFileType = sourcecode.c.h; path = Unpack.h; sourceTree = "<group>"; };
		0495FD19206F26EA00D01E2C /* Unpack.m */ = {isa = PBXFileReference; fileEncoding = 4; lastKnownFileType = sourcecode.c.objc; path = Unpack.m; sourceTree = "<group>"; };
		049C577820688E6800180A8B /* ContactServiceView.h */ = {isa = PBXFileReference; lastKnownFileType = sourcecode.c.h; path = ContactServiceView.h; sourceTree = "<group>"; };
		049C577920688E6800180A8B /* ContactServiceView.m */ = {isa = PBXFileReference; lastKnownFileType = sourcecode.c.objc; path = ContactServiceView.m; sourceTree = "<group>"; };
		049C577B20688EA700180A8B /* ContactServiceView.xib */ = {isa = PBXFileReference; lastKnownFileType = file.xib; path = ContactServiceView.xib; sourceTree = "<group>"; };
		049C577D20689A2900180A8B /* EditPasswordController.h */ = {isa = PBXFileReference; lastKnownFileType = sourcecode.c.h; path = EditPasswordController.h; sourceTree = "<group>"; };
		049C577E20689A2900180A8B /* EditPasswordController.m */ = {isa = PBXFileReference; lastKnownFileType = sourcecode.c.objc; path = EditPasswordController.m; sourceTree = "<group>"; };
		049C57802068C18B00180A8B /* PatientTableViewCell.h */ = {isa = PBXFileReference; lastKnownFileType = sourcecode.c.h; path = PatientTableViewCell.h; sourceTree = "<group>"; };
		049C57812068C18B00180A8B /* PatientTableViewCell.m */ = {isa = PBXFileReference; lastKnownFileType = sourcecode.c.objc; path = PatientTableViewCell.m; sourceTree = "<group>"; };
		049C57822068C18B00180A8B /* PatientTableViewCell.xib */ = {isa = PBXFileReference; lastKnownFileType = file.xib; path = PatientTableViewCell.xib; sourceTree = "<group>"; };
		049C57852068C5E200180A8B /* AddPatientViewController.h */ = {isa = PBXFileReference; lastKnownFileType = sourcecode.c.h; path = AddPatientViewController.h; sourceTree = "<group>"; };
		049C57862068C5E200180A8B /* AddPatientViewController.m */ = {isa = PBXFileReference; lastKnownFileType = sourcecode.c.objc; path = AddPatientViewController.m; sourceTree = "<group>"; };
		04A5530120737E4900822DB4 /* PopoverTreatwayController.h */ = {isa = PBXFileReference; lastKnownFileType = sourcecode.c.h; path = PopoverTreatwayController.h; sourceTree = "<group>"; };
		04A5530220737E4900822DB4 /* PopoverTreatwayController.m */ = {isa = PBXFileReference; lastKnownFileType = sourcecode.c.objc; path = PopoverTreatwayController.m; sourceTree = "<group>"; };
		04C8B64D206B4ACD00DEB3F0 /* RecordDetailViewController.h */ = {isa = PBXFileReference; lastKnownFileType = sourcecode.c.h; path = RecordDetailViewController.h; sourceTree = "<group>"; };
		04C8B64E206B4ACD00DEB3F0 /* RecordDetailViewController.m */ = {isa = PBXFileReference; lastKnownFileType = sourcecode.c.objc; path = RecordDetailViewController.m; sourceTree = "<group>"; };
		04C8B65D206B711000DEB3F0 /* RecordItemCell.h */ = {isa = PBXFileReference; lastKnownFileType = sourcecode.c.h; path = RecordItemCell.h; sourceTree = "<group>"; };
		04C8B65E206B711000DEB3F0 /* RecordItemCell.m */ = {isa = PBXFileReference; lastKnownFileType = sourcecode.c.objc; path = RecordItemCell.m; sourceTree = "<group>"; };
		04C8B660206B75C400DEB3F0 /* Record.plist */ = {isa = PBXFileReference; lastKnownFileType = text.plist.xml; path = Record.plist; sourceTree = "<group>"; };
		04ED0EB020528A1800638850 /* PainManagementSystem.app */ = {isa = PBXFileReference; explicitFileType = wrapper.application; includeInIndex = 0; path = PainManagementSystem.app; sourceTree = BUILT_PRODUCTS_DIR; };
		04ED0EB320528A1800638850 /* AppDelegate.h */ = {isa = PBXFileReference; lastKnownFileType = sourcecode.c.h; path = AppDelegate.h; sourceTree = "<group>"; };
		04ED0EB420528A1800638850 /* AppDelegate.m */ = {isa = PBXFileReference; lastKnownFileType = sourcecode.c.objc; path = AppDelegate.m; sourceTree = "<group>"; };
		04ED0EBD20528A1800638850 /* Base */ = {isa = PBXFileReference; lastKnownFileType = file.storyboard; name = Base; path = Base.lproj/Main.storyboard; sourceTree = "<group>"; };
		04ED0EBF20528A1800638850 /* Assets.xcassets */ = {isa = PBXFileReference; lastKnownFileType = folder.assetcatalog; path = Assets.xcassets; sourceTree = "<group>"; };
		04ED0EC220528A1800638850 /* Base */ = {isa = PBXFileReference; lastKnownFileType = file.storyboard; name = Base; path = Base.lproj/LaunchScreen.storyboard; sourceTree = "<group>"; };
		04ED0EC420528A1800638850 /* Info.plist */ = {isa = PBXFileReference; lastKnownFileType = text.plist.xml; path = Info.plist; sourceTree = "<group>"; };
		04ED0EC520528A1800638850 /* main.m */ = {isa = PBXFileReference; lastKnownFileType = sourcecode.c.objc; path = main.m; sourceTree = "<group>"; };
		04ED0ECB20528A1800638850 /* PainManagementSystemTests.xctest */ = {isa = PBXFileReference; explicitFileType = wrapper.cfbundle; includeInIndex = 0; path = PainManagementSystemTests.xctest; sourceTree = BUILT_PRODUCTS_DIR; };
		04ED0ECF20528A1800638850 /* PainManagementSystemTests.m */ = {isa = PBXFileReference; lastKnownFileType = sourcecode.c.objc; path = PainManagementSystemTests.m; sourceTree = "<group>"; };
		04ED0ED120528A1800638850 /* Info.plist */ = {isa = PBXFileReference; lastKnownFileType = text.plist.xml; path = Info.plist; sourceTree = "<group>"; };
		04ED0ED620528A1800638850 /* PainManagementSystemUITests.xctest */ = {isa = PBXFileReference; explicitFileType = wrapper.cfbundle; includeInIndex = 0; path = PainManagementSystemUITests.xctest; sourceTree = BUILT_PRODUCTS_DIR; };
		04ED0EDA20528A1800638850 /* PainManagementSystemUITests.m */ = {isa = PBXFileReference; lastKnownFileType = sourcecode.c.objc; path = PainManagementSystemUITests.m; sourceTree = "<group>"; };
		04ED0EDC20528A1800638850 /* Info.plist */ = {isa = PBXFileReference; lastKnownFileType = text.plist.xml; path = Info.plist; sourceTree = "<group>"; };
		4307E8FDEDA9C1F745F3CAA1 /* Pods-PainManagementSystem.debug.xcconfig */ = {isa = PBXFileReference; includeInIndex = 1; lastKnownFileType = text.xcconfig; name = "Pods-PainManagementSystem.debug.xcconfig"; path = "Pods/Target Support Files/Pods-PainManagementSystem/Pods-PainManagementSystem.debug.xcconfig"; sourceTree = "<group>"; };
		46139ECA2C28F3C37539F297 /* Pods-PainManagementSystem.release.xcconfig */ = {isa = PBXFileReference; includeInIndex = 1; lastKnownFileType = text.xcconfig; name = "Pods-PainManagementSystem.release.xcconfig"; path = "Pods/Target Support Files/Pods-PainManagementSystem/Pods-PainManagementSystem.release.xcconfig"; sourceTree = "<group>"; };
		A64B4D032071392E00DB6619 /* PainManagementSystem.entitlements */ = {isa = PBXFileReference; lastKnownFileType = text.plist.entitlements; path = PainManagementSystem.entitlements; sourceTree = "<group>"; };
		EFF07182ACBF97C4E7B469FD /* libPods-PainManagementSystem.a */ = {isa = PBXFileReference; explicitFileType = archive.ar; includeInIndex = 0; path = "libPods-PainManagementSystem.a"; sourceTree = BUILT_PRODUCTS_DIR; };
/* End PBXFileReference section */

/* Begin PBXFrameworksBuildPhase section */
		04ED0EAD20528A1800638850 /* Frameworks */ = {
			isa = PBXFrameworksBuildPhase;
			buildActionMask = 2147483647;
			files = (
				9FFB073ED4B1021C4A51AB39 /* libPods-PainManagementSystem.a in Frameworks */,
			);
			runOnlyForDeploymentPostprocessing = 0;
		};
		04ED0EC820528A1800638850 /* Frameworks */ = {
			isa = PBXFrameworksBuildPhase;
			buildActionMask = 2147483647;
			files = (
			);
			runOnlyForDeploymentPostprocessing = 0;
		};
		04ED0ED320528A1800638850 /* Frameworks */ = {
			isa = PBXFrameworksBuildPhase;
			buildActionMask = 2147483647;
			files = (
			);
			runOnlyForDeploymentPostprocessing = 0;
		};
/* End PBXFrameworksBuildPhase section */

/* Begin PBXGroup section */
		04112066205FBCF700C91BA0 /* Agent */ = {
			isa = PBXGroup;
			children = (
				04112063205FBCEC00C91BA0 /* DeviceListViewController.h */,
				04112064205FBCEC00C91BA0 /* DeviceListViewController.m */,
				04661DEC2060999D002641D1 /* EditDeviceViewController.h */,
				04661DED2060999D002641D1 /* EditDeviceViewController.m */,
				04112067205FD54E00C91BA0 /* AddDeviceViewController.h */,
				04112068205FD54E00C91BA0 /* AddDeviceViewController.m */,
				046E2E1020622FD600DEFD70 /* QRCodeViewController.h */,
				046E2E1120622FD600DEFD70 /* QRCodeViewController.m */,
				041B79192068E592001D04C8 /* DeviceTableViewCell */,
				041B79182068E586001D04C8 /* AddDeviceCell */,
			);
			path = Agent;
			sourceTree = "<group>";
		};
		041B79152068E532001D04C8 /* PatientTableViewCell */ = {
			isa = PBXGroup;
			children = (
				049C57802068C18B00180A8B /* PatientTableViewCell.h */,
				049C57812068C18B00180A8B /* PatientTableViewCell.m */,
				049C57822068C18B00180A8B /* PatientTableViewCell.xib */,
			);
			path = PatientTableViewCell;
			sourceTree = "<group>";
		};
		041B79162068E555001D04C8 /* ContactServiceView */ = {
			isa = PBXGroup;
			children = (
				049C577820688E6800180A8B /* ContactServiceView.h */,
				049C577920688E6800180A8B /* ContactServiceView.m */,
				049C577B20688EA700180A8B /* ContactServiceView.xib */,
			);
			path = ContactServiceView;
			sourceTree = "<group>";
		};
		041B79172068E572001D04C8 /* SetNetWorkView */ = {
			isa = PBXGroup;
			children = (
				047CA1E22063A86300D6B1A4 /* SetNetWorkView.h */,
				047CA1E32063A86300D6B1A4 /* SetNetWorkView.m */,
				047CA1E52063A88100D6B1A4 /* SetNetWorkView.xib */,
			);
			path = SetNetWorkView;
			sourceTree = "<group>";
		};
		041B79182068E586001D04C8 /* AddDeviceCell */ = {
			isa = PBXGroup;
			children = (
				046E2E0D2061FB0E00DEFD70 /* AddDeviceCell.h */,
				046E2E0E2061FB0E00DEFD70 /* AddDeviceCell.m */,
			);
			path = AddDeviceCell;
			sourceTree = "<group>";
		};
		041B79192068E592001D04C8 /* DeviceTableViewCell */ = {
			isa = PBXGroup;
			children = (
				04661DE7206091B6002641D1 /* DeviceTableViewCell.h */,
				04661DE8206091B6002641D1 /* DeviceTableViewCell.m */,
			);
			path = DeviceTableViewCell;
			sourceTree = "<group>";
		};
		041B791A2068ECF1001D04C8 /* Supporting Files */ = {
			isa = PBXGroup;
			children = (
				04ED0EBC20528A1800638850 /* Main.storyboard */,
				04ED0EBF20528A1800638850 /* Assets.xcassets */,
				04ED0EC120528A1800638850 /* LaunchScreen.storyboard */,
				04ED0EC420528A1800638850 /* Info.plist */,
				04ED0EC520528A1800638850 /* main.m */,
			);
			path = "Supporting Files";
			sourceTree = "<group>";
		};
		04484FD22064CDC900467611 /* Nurse */ = {
			isa = PBXGroup;
			children = (
				0411BC172071D235000FC687 /* TaskCell.h */,
				0411BC182071D235000FC687 /* TaskCell.m */,
				0411BC1A2071FCAA000FC687 /* TaskListViewController.h */,
				0411BC1B2071FCAA000FC687 /* TaskListViewController.m */,
				0419F4072073515900C83C2B /* Task.plist */,
				04A5530120737E4900822DB4 /* PopoverTreatwayController.h */,
				04A5530220737E4900822DB4 /* PopoverTreatwayController.m */,
				0419F405207331A800C83C2B /* TreatmentParam.plist */,
				0411BC1D2072160F000FC687 /* SendTreatmentSuccessView.h */,
				0411BC1E2072160F000FC687 /* SendTreatmentSuccessView.m */,
				0411BC2020721629000FC687 /* SendTreatmentSuccessView.xib */,
				041FDD5420722D4300BE6EC9 /* SendTreatmentFailView.h */,
				041FDD5520722D4300BE6EC9 /* SendTreatmentFailView.m */,
				041FDD5220722D2100BE6EC9 /* SendTreatmentFailView.xib */,
				04484FCC2064CA5900467611 /* PatientListViewController.h */,
				04484FCD2064CA5900467611 /* PatientListViewController.m */,
				0465E392206CC57C009A2264 /* TreatCourseRecordView */,
				0465E391206CC562009A2264 /* RecordDetailView */,
				049C57852068C5E200180A8B /* AddPatientViewController.h */,
				049C57862068C5E200180A8B /* AddPatientViewController.m */,
				041B791B2068EDB2001D04C8 /* BETextField.h */,
				041B791C2068EDB2001D04C8 /* BETextField.m */,
				041B791F2068F3F2001D04C8 /* NSDate+BRAdd.h */,
				041B791E2068F3F2001D04C8 /* NSDate+BRAdd.m */,
				04484FCF2064CDBF00467611 /* OnlineDeviceViewController.h */,
				04484FD02064CDBF00467611 /* OnlineDeviceViewController.m */,
				04484FD32064CDF400467611 /* SettingViewController.h */,
				04484FD42064CDF400467611 /* SettingViewController.m */,
				049C577D20689A2900180A8B /* EditPasswordController.h */,
				049C577E20689A2900180A8B /* EditPasswordController.m */,
				0465E393206CD9CD009A2264 /* EditUserInfoController.h */,
				0465E394206CD9CD009A2264 /* EditUserInfoController.m */,
				041B79152068E532001D04C8 /* PatientTableViewCell */,
				041B79162068E555001D04C8 /* ContactServiceView */,
			);
			path = Nurse;
			sourceTree = "<group>";
		};
		04484FD62064D25F00467611 /* Login */ = {
			isa = PBXGroup;
			children = (
				04484FD82064D26200467611 /* LoginViewController.h */,
				04484FD72064D26100467611 /* LoginViewController.m */,
				041B79172068E572001D04C8 /* SetNetWorkView */,
			);
			path = Login;
			sourceTree = "<group>";
		};
		0465E391206CC562009A2264 /* RecordDetailView */ = {
			isa = PBXGroup;
			children = (
				04C8B64D206B4ACD00DEB3F0 /* RecordDetailViewController.h */,
				04C8B64E206B4ACD00DEB3F0 /* RecordDetailViewController.m */,
				04C8B65D206B711000DEB3F0 /* RecordItemCell.h */,
				04C8B65E206B711000DEB3F0 /* RecordItemCell.m */,
				0465E38B206C6D91009A2264 /* QuestionCell.h */,
				0465E38C206C6D91009A2264 /* QuestionCell.m */,
				04C8B660206B75C400DEB3F0 /* Record.plist */,
				0465E38E206C7563009A2264 /* RecordModel.h */,
				0465E38F206C7563009A2264 /* RecordModel.m */,
			);
			path = RecordDetailView;
			sourceTree = "<group>";
		};
		0465E392206CC57C009A2264 /* TreatCourseRecordView */ = {
			isa = PBXGroup;
			children = (
				046C02112069EC3500FDD974 /* TreatmentCourseRecordViewController.h */,
				046C02122069EC3500FDD974 /* TreatmentCourseRecordViewController.m */,
				046C02182069F49A00FDD974 /* TreatRecordCell.h */,
				046C02192069F49A00FDD974 /* TreatRecordCell.m */,
				046C021B206A129400FDD974 /* VASMarkView.h */,
				046C021C206A129400FDD974 /* VASMarkView.m */,
				046C021E206A12A600FDD974 /* VASMarkView.xib */,
			);
			path = TreatCourseRecordView;
			sourceTree = "<group>";
		};
		046E2E132062370800DEFD70 /* QRCodeReaderViewController */ = {
			isa = PBXGroup;
			children = (
				046E2E142062370800DEFD70 /* QRCameraSwitchButton.h */,
				046E2E152062370800DEFD70 /* QRCameraSwitchButton.m */,
				046E2E162062370800DEFD70 /* QRCodeReader.h */,
				046E2E172062370800DEFD70 /* QRCodeReader.m */,
				046E2E182062370800DEFD70 /* QRCodeReaderDelegate.h */,
				046E2E192062370800DEFD70 /* QRCodeReaderView */,
				046E2E202062370800DEFD70 /* QRCodeReaderViewController.h */,
				046E2E212062370800DEFD70 /* QRCodeReaderViewController.m */,
				046E2E222062370800DEFD70 /* Resources */,
			);
			path = QRCodeReaderViewController;
			sourceTree = "<group>";
		};
		046E2E192062370800DEFD70 /* QRCodeReaderView */ = {
			isa = PBXGroup;
			children = (
				046E2E1A2062370800DEFD70 /* QRCodeReaderAanimationLineView.h */,
				046E2E1B2062370800DEFD70 /* QRCodeReaderAanimationLineView.m */,
				046E2E1C2062370800DEFD70 /* QRCodeReaderMaskView.h */,
				046E2E1D2062370800DEFD70 /* QRCodeReaderMaskView.m */,
				046E2E1E2062370800DEFD70 /* QRCodeReaderView.h */,
				046E2E1F2062370800DEFD70 /* QRCodeReaderView.m */,
			);
			path = QRCodeReaderView;
			sourceTree = "<group>";
		};
		046E2E222062370800DEFD70 /* Resources */ = {
			isa = PBXGroup;
			children = (
				046E2E232062370800DEFD70 /* QRCodeBottomLeft@2x.png */,
				046E2E242062370800DEFD70 /* QRCodeBottomLeft@3x.png */,
				046E2E252062370800DEFD70 /* QRCodeBottomRight@2x.png */,
				046E2E262062370800DEFD70 /* QRCodeBottomRight@3x.png */,
				046E2E272062370800DEFD70 /* QRCodeLine@2x.png */,
				046E2E282062370800DEFD70 /* QRCodeLine@3x.png */,
				046E2E292062370800DEFD70 /* QRCodeTopLeft@2x.png */,
				046E2E2A2062370800DEFD70 /* QRCodeTopLeft@3x.png */,
				046E2E2B2062370800DEFD70 /* QRCodeTopRight@2x.png */,
				046E2E2C2062370800DEFD70 /* QRCodeTopRight@3x.png */,
			);
			path = Resources;
			sourceTree = "<group>";
		};
		0495FD15206F26EA00D01E2C /* DataAnalyze */ = {
			isa = PBXGroup;
			children = (
				0495FD16206F26EA00D01E2C /* Pack.h */,
				0495FD17206F26EA00D01E2C /* Pack.m */,
				0495FD18206F26EA00D01E2C /* Unpack.h */,
				0495FD19206F26EA00D01E2C /* Unpack.m */,
			);
			path = DataAnalyze;
			sourceTree = "<group>";
		};
		04ED0EA720528A1700638850 = {
			isa = PBXGroup;
			children = (
				04ED0EB220528A1800638850 /* PainManagementSystem */,
				04ED0ECE20528A1800638850 /* PainManagementSystemTests */,
				04ED0ED920528A1800638850 /* PainManagementSystemUITests */,
				04ED0EB120528A1800638850 /* Products */,
				7FBC7C82A51618E7FF79707D /* Pods */,
				BA880A904E69D49E48167050 /* Frameworks */,
			);
			sourceTree = "<group>";
		};
		04ED0EB120528A1800638850 /* Products */ = {
			isa = PBXGroup;
			children = (
				04ED0EB020528A1800638850 /* PainManagementSystem.app */,
				04ED0ECB20528A1800638850 /* PainManagementSystemTests.xctest */,
				04ED0ED620528A1800638850 /* PainManagementSystemUITests.xctest */,
			);
			name = Products;
			sourceTree = "<group>";
		};
		04ED0EB220528A1800638850 /* PainManagementSystem */ = {
			isa = PBXGroup;
			children = (
				A64B4D032071392E00DB6619 /* PainManagementSystem.entitlements */,
				0495FD15206F26EA00D01E2C /* DataAnalyze */,
				041B791A2068ECF1001D04C8 /* Supporting Files */,
				04484FD22064CDC900467611 /* Nurse */,
				04484FD62064D25F00467611 /* Login */,
				046E2E132062370800DEFD70 /* QRCodeReaderViewController */,
				04112066205FBCF700C91BA0 /* Agent */,
				047CA1E020639C0F00D6B1A4 /* wenshang.ttf */,
				04484FDA2064D72500467611 /* NetWorkTool.h */,
				04484FD92064D72500467611 /* NetWorkTool.m */,
				045F6C89206E2240006DBBF7 /* HttpResponse.h */,
				045F6C8A206E2240006DBBF7 /* HttpResponse.m */,
				046C020E2069E48100FDD974 /* BEButton.h */,
				046C020F2069E48100FDD974 /* BEButton.m */,
				04ED0EB320528A1800638850 /* AppDelegate.h */,
				04ED0EB420528A1800638850 /* AppDelegate.m */,
				045F6C8C206E2E5D006DBBF7 /* BaseHeader.h */,
			);
			path = PainManagementSystem;
			sourceTree = "<group>";
		};
		04ED0ECE20528A1800638850 /* PainManagementSystemTests */ = {
			isa = PBXGroup;
			children = (
				04ED0ECF20528A1800638850 /* PainManagementSystemTests.m */,
				04ED0ED120528A1800638850 /* Info.plist */,
			);
			path = PainManagementSystemTests;
			sourceTree = "<group>";
		};
		04ED0ED920528A1800638850 /* PainManagementSystemUITests */ = {
			isa = PBXGroup;
			children = (
				04ED0EDA20528A1800638850 /* PainManagementSystemUITests.m */,
				04ED0EDC20528A1800638850 /* Info.plist */,
			);
			path = PainManagementSystemUITests;
			sourceTree = "<group>";
		};
		7FBC7C82A51618E7FF79707D /* Pods */ = {
			isa = PBXGroup;
			children = (
				4307E8FDEDA9C1F745F3CAA1 /* Pods-PainManagementSystem.debug.xcconfig */,
				46139ECA2C28F3C37539F297 /* Pods-PainManagementSystem.release.xcconfig */,
			);
			name = Pods;
			sourceTree = "<group>";
		};
		BA880A904E69D49E48167050 /* Frameworks */ = {
			isa = PBXGroup;
			children = (
				EFF07182ACBF97C4E7B469FD /* libPods-PainManagementSystem.a */,
			);
			name = Frameworks;
			sourceTree = "<group>";
		};
/* End PBXGroup section */

/* Begin PBXNativeTarget section */
		04ED0EAF20528A1800638850 /* PainManagementSystem */ = {
			isa = PBXNativeTarget;
			buildConfigurationList = 04ED0EDF20528A1800638850 /* Build configuration list for PBXNativeTarget "PainManagementSystem" */;
			buildPhases = (
				D4D0B7E8BED73217CB462D91 /* [CP] Check Pods Manifest.lock */,
				04ED0EAC20528A1800638850 /* Sources */,
				04ED0EAD20528A1800638850 /* Frameworks */,
				04ED0EAE20528A1800638850 /* Resources */,
				8F5F2DF877237BBCBEDC7263 /* [CP] Embed Pods Frameworks */,
				04EDBA1D50A4C67021C3E945 /* [CP] Copy Pods Resources */,
			);
			buildRules = (
			);
			dependencies = (
			);
			name = PainManagementSystem;
			productName = PainManagementSystem;
			productReference = 04ED0EB020528A1800638850 /* PainManagementSystem.app */;
			productType = "com.apple.product-type.application";
		};
		04ED0ECA20528A1800638850 /* PainManagementSystemTests */ = {
			isa = PBXNativeTarget;
			buildConfigurationList = 04ED0EE220528A1800638850 /* Build configuration list for PBXNativeTarget "PainManagementSystemTests" */;
			buildPhases = (
				04ED0EC720528A1800638850 /* Sources */,
				04ED0EC820528A1800638850 /* Frameworks */,
				04ED0EC920528A1800638850 /* Resources */,
			);
			buildRules = (
			);
			dependencies = (
				04ED0ECD20528A1800638850 /* PBXTargetDependency */,
			);
			name = PainManagementSystemTests;
			productName = PainManagementSystemTests;
			productReference = 04ED0ECB20528A1800638850 /* PainManagementSystemTests.xctest */;
			productType = "com.apple.product-type.bundle.unit-test";
		};
		04ED0ED520528A1800638850 /* PainManagementSystemUITests */ = {
			isa = PBXNativeTarget;
			buildConfigurationList = 04ED0EE520528A1800638850 /* Build configuration list for PBXNativeTarget "PainManagementSystemUITests" */;
			buildPhases = (
				04ED0ED220528A1800638850 /* Sources */,
				04ED0ED320528A1800638850 /* Frameworks */,
				04ED0ED420528A1800638850 /* Resources */,
			);
			buildRules = (
			);
			dependencies = (
				04ED0ED820528A1800638850 /* PBXTargetDependency */,
			);
			name = PainManagementSystemUITests;
			productName = PainManagementSystemUITests;
			productReference = 04ED0ED620528A1800638850 /* PainManagementSystemUITests.xctest */;
			productType = "com.apple.product-type.bundle.ui-testing";
		};
/* End PBXNativeTarget section */

/* Begin PBXProject section */
		04ED0EA820528A1800638850 /* Project object */ = {
			isa = PBXProject;
			attributes = {
				LastUpgradeCheck = 0910;
				ORGANIZATIONNAME = "Shenzhen Lifotronic Technology Co.,Ltd.";
				TargetAttributes = {
					04ED0EAF20528A1800638850 = {
						CreatedOnToolsVersion = 9.1;
						ProvisioningStyle = Automatic;
						SystemCapabilities = {
							com.apple.Push = {
								enabled = 1;
							};
						};
					};
					04ED0ECA20528A1800638850 = {
						CreatedOnToolsVersion = 9.1;
						ProvisioningStyle = Automatic;
						TestTargetID = 04ED0EAF20528A1800638850;
					};
					04ED0ED520528A1800638850 = {
						CreatedOnToolsVersion = 9.1;
						ProvisioningStyle = Automatic;
						TestTargetID = 04ED0EAF20528A1800638850;
					};
				};
			};
			buildConfigurationList = 04ED0EAB20528A1800638850 /* Build configuration list for PBXProject "PainManagementSystem" */;
			compatibilityVersion = "Xcode 8.0";
			developmentRegion = en;
			hasScannedForEncodings = 0;
			knownRegions = (
				en,
				Base,
			);
			mainGroup = 04ED0EA720528A1700638850;
			productRefGroup = 04ED0EB120528A1800638850 /* Products */;
			projectDirPath = "";
			projectRoot = "";
			targets = (
				04ED0EAF20528A1800638850 /* PainManagementSystem */,
				04ED0ECA20528A1800638850 /* PainManagementSystemTests */,
				04ED0ED520528A1800638850 /* PainManagementSystemUITests */,
			);
		};
/* End PBXProject section */

/* Begin PBXResourcesBuildPhase section */
		04ED0EAE20528A1800638850 /* Resources */ = {
			isa = PBXResourcesBuildPhase;
			buildActionMask = 2147483647;
			files = (
				047CA1E12063A24800D6B1A4 /* wenshang.ttf in Resources */,
				04ED0EC320528A1800638850 /* LaunchScreen.storyboard in Resources */,
				041FDD5320722D2100BE6EC9 /* SendTreatmentFailView.xib in Resources */,
				046E2E362062370800DEFD70 /* QRCodeBottomRight@3x.png in Resources */,
				04ED0EC020528A1800638850 /* Assets.xcassets in Resources */,
				049C57842068C18B00180A8B /* PatientTableViewCell.xib in Resources */,
				046E2E3C2062370800DEFD70 /* QRCodeTopRight@3x.png in Resources */,
				04C8B661206B75C400DEB3F0 /* Record.plist in Resources */,
				0411BC2120721629000FC687 /* SendTreatmentSuccessView.xib in Resources */,
				0419F406207331A800C83C2B /* TreatmentParam.plist in Resources */,
				046E2E332062370800DEFD70 /* QRCodeBottomLeft@2x.png in Resources */,
				046E2E372062370800DEFD70 /* QRCodeLine@2x.png in Resources */,
				046C021F206A12A600FDD974 /* VASMarkView.xib in Resources */,
				0419F4082073515900C83C2B /* Task.plist in Resources */,
				046E2E342062370800DEFD70 /* QRCodeBottomLeft@3x.png in Resources */,
				046E2E352062370800DEFD70 /* QRCodeBottomRight@2x.png in Resources */,
				047CA1E62063A88100D6B1A4 /* SetNetWorkView.xib in Resources */,
				046E2E382062370800DEFD70 /* QRCodeLine@3x.png in Resources */,
				04ED0EBE20528A1800638850 /* Main.storyboard in Resources */,
				046E2E3B2062370800DEFD70 /* QRCodeTopRight@2x.png in Resources */,
				046E2E3A2062370800DEFD70 /* QRCodeTopLeft@3x.png in Resources */,
				046E2E392062370800DEFD70 /* QRCodeTopLeft@2x.png in Resources */,
				049C577C20688EA700180A8B /* ContactServiceView.xib in Resources */,
			);
			runOnlyForDeploymentPostprocessing = 0;
		};
		04ED0EC920528A1800638850 /* Resources */ = {
			isa = PBXResourcesBuildPhase;
			buildActionMask = 2147483647;
			files = (
			);
			runOnlyForDeploymentPostprocessing = 0;
		};
		04ED0ED420528A1800638850 /* Resources */ = {
			isa = PBXResourcesBuildPhase;
			buildActionMask = 2147483647;
			files = (
			);
			runOnlyForDeploymentPostprocessing = 0;
		};
/* End PBXResourcesBuildPhase section */

/* Begin PBXShellScriptBuildPhase section */
		04EDBA1D50A4C67021C3E945 /* [CP] Copy Pods Resources */ = {
			isa = PBXShellScriptBuildPhase;
			buildActionMask = 2147483647;
			files = (
			);
			inputPaths = (
				"${SRCROOT}/Pods/Target Support Files/Pods-PainManagementSystem/Pods-PainManagementSystem-resources.sh",
				"${PODS_ROOT}/BRPickerView/BRPickerView/AddressPickerView/BRPickerView.bundle",
				"${PODS_ROOT}/SVProgressHUD/SVProgressHUD/SVProgressHUD.bundle",
			);
			name = "[CP] Copy Pods Resources";
			outputPaths = (
				"${TARGET_BUILD_DIR}/${UNLOCALIZED_RESOURCES_FOLDER_PATH}",
			);
			runOnlyForDeploymentPostprocessing = 0;
			shellPath = /bin/sh;
			shellScript = "\"${SRCROOT}/Pods/Target Support Files/Pods-PainManagementSystem/Pods-PainManagementSystem-resources.sh\"\n";
			showEnvVarsInLog = 0;
		};
		8F5F2DF877237BBCBEDC7263 /* [CP] Embed Pods Frameworks */ = {
			isa = PBXShellScriptBuildPhase;
			buildActionMask = 2147483647;
			files = (
			);
			inputPaths = (
			);
			name = "[CP] Embed Pods Frameworks";
			outputPaths = (
			);
			runOnlyForDeploymentPostprocessing = 0;
			shellPath = /bin/sh;
			shellScript = "\"${SRCROOT}/Pods/Target Support Files/Pods-PainManagementSystem/Pods-PainManagementSystem-frameworks.sh\"\n";
			showEnvVarsInLog = 0;
		};
		D4D0B7E8BED73217CB462D91 /* [CP] Check Pods Manifest.lock */ = {
			isa = PBXShellScriptBuildPhase;
			buildActionMask = 2147483647;
			files = (
			);
			inputPaths = (
				"${PODS_PODFILE_DIR_PATH}/Podfile.lock",
				"${PODS_ROOT}/Manifest.lock",
			);
			name = "[CP] Check Pods Manifest.lock";
			outputPaths = (
				"$(DERIVED_FILE_DIR)/Pods-PainManagementSystem-checkManifestLockResult.txt",
			);
			runOnlyForDeploymentPostprocessing = 0;
			shellPath = /bin/sh;
			shellScript = "diff \"${PODS_PODFILE_DIR_PATH}/Podfile.lock\" \"${PODS_ROOT}/Manifest.lock\" > /dev/null\nif [ $? != 0 ] ; then\n    # print error to STDERR\n    echo \"error: The sandbox is not in sync with the Podfile.lock. Run 'pod install' or update your CocoaPods installation.\" >&2\n    exit 1\nfi\n# This output is used by Xcode 'outputs' to avoid re-running this script phase.\necho \"SUCCESS\" > \"${SCRIPT_OUTPUT_FILE_0}\"\n";
			showEnvVarsInLog = 0;
		};
/* End PBXShellScriptBuildPhase section */

/* Begin PBXSourcesBuildPhase section */
		04ED0EAC20528A1800638850 /* Sources */ = {
			isa = PBXSourcesBuildPhase;
			buildActionMask = 2147483647;
			files = (
				046E2E1220622FD600DEFD70 /* QRCodeViewController.m in Sources */,
				046E2E302062370800DEFD70 /* QRCodeReaderMaskView.m in Sources */,
				0495FD1A206F26EA00D01E2C /* Pack.m in Sources */,
				0411BC1F2072160F000FC687 /* SendTreatmentSuccessView.m in Sources */,
				046E2E2E2062370800DEFD70 /* QRCodeReader.m in Sources */,
				0465E395206CD9CD009A2264 /* EditUserInfoController.m in Sources */,
				046C02132069EC3500FDD974 /* TreatmentCourseRecordViewController.m in Sources */,
				046C021A2069F49A00FDD974 /* TreatRecordCell.m in Sources */,
				04484FCE2064CA5900467611 /* PatientListViewController.m in Sources */,
				04484FDC2064D9ED00467611 /* LoginViewController.m in Sources */,
				04484FDB2064D72500467611 /* NetWorkTool.m in Sources */,
				0465E38D206C6D91009A2264 /* QuestionCell.m in Sources */,
				049C577F20689A2900180A8B /* EditPasswordController.m in Sources */,
				046E2E2D2062370800DEFD70 /* QRCameraSwitchButton.m in Sources */,
				04ED0EB520528A1800638850 /* AppDelegate.m in Sources */,
				04484FD12064CDBF00467611 /* OnlineDeviceViewController.m in Sources */,
				049C57872068C5E200180A8B /* AddPatientViewController.m in Sources */,
				046E2E2F2062370800DEFD70 /* QRCodeReaderAanimationLineView.m in Sources */,
				046C02102069E48100FDD974 /* BEButton.m in Sources */,
				046E2E322062370800DEFD70 /* QRCodeReaderViewController.m in Sources */,
				046E2E0F2061FB0E00DEFD70 /* AddDeviceCell.m in Sources */,
				047CA1E42063A86300D6B1A4 /* SetNetWorkView.m in Sources */,
				045F6C8B206E2241006DBBF7 /* HttpResponse.m in Sources */,
				0465E390206C7563009A2264 /* RecordModel.m in Sources */,
				04661DEE2060999D002641D1 /* EditDeviceViewController.m in Sources */,
				041B791D2068EDB2001D04C8 /* BETextField.m in Sources */,
				04661DEA206091B6002641D1 /* DeviceTableViewCell.m in Sources */,
				049C57832068C18B00180A8B /* PatientTableViewCell.m in Sources */,
				0495FD1B206F26EA00D01E2C /* Unpack.m in Sources */,
				04C8B64F206B4ACD00DEB3F0 /* RecordDetailViewController.m in Sources */,
				04112069205FD54E00C91BA0 /* AddDeviceViewController.m in Sources */,
				04ED0EC620528A1800638850 /* main.m in Sources */,
				04C8B65F206B711000DEB3F0 /* RecordItemCell.m in Sources */,
				0411BC192071D235000FC687 /* TaskCell.m in Sources */,
				0411BC1C2071FCAA000FC687 /* TaskListViewController.m in Sources */,
				046C021D206A129400FDD974 /* VASMarkView.m in Sources */,
				04A5530320737E4900822DB4 /* PopoverTreatwayController.m in Sources */,
				04484FD52064CDF400467611 /* SettingViewController.m in Sources */,
				041B79202068F3F2001D04C8 /* NSDate+BRAdd.m in Sources */,
				046E2E312062370800DEFD70 /* QRCodeReaderView.m in Sources */,
				04112065205FBCEC00C91BA0 /* DeviceListViewController.m in Sources */,
				049C577A20688E6800180A8B /* ContactServiceView.m in Sources */,
				041FDD5620722D4300BE6EC9 /* SendTreatmentFailView.m in Sources */,
			);
			runOnlyForDeploymentPostprocessing = 0;
		};
		04ED0EC720528A1800638850 /* Sources */ = {
			isa = PBXSourcesBuildPhase;
			buildActionMask = 2147483647;
			files = (
				04ED0ED020528A1800638850 /* PainManagementSystemTests.m in Sources */,
			);
			runOnlyForDeploymentPostprocessing = 0;
		};
		04ED0ED220528A1800638850 /* Sources */ = {
			isa = PBXSourcesBuildPhase;
			buildActionMask = 2147483647;
			files = (
				04ED0EDB20528A1800638850 /* PainManagementSystemUITests.m in Sources */,
			);
			runOnlyForDeploymentPostprocessing = 0;
		};
/* End PBXSourcesBuildPhase section */

/* Begin PBXTargetDependency section */
		04ED0ECD20528A1800638850 /* PBXTargetDependency */ = {
			isa = PBXTargetDependency;
			target = 04ED0EAF20528A1800638850 /* PainManagementSystem */;
			targetProxy = 04ED0ECC20528A1800638850 /* PBXContainerItemProxy */;
		};
		04ED0ED820528A1800638850 /* PBXTargetDependency */ = {
			isa = PBXTargetDependency;
			target = 04ED0EAF20528A1800638850 /* PainManagementSystem */;
			targetProxy = 04ED0ED720528A1800638850 /* PBXContainerItemProxy */;
		};
/* End PBXTargetDependency section */

/* Begin PBXVariantGroup section */
		04ED0EBC20528A1800638850 /* Main.storyboard */ = {
			isa = PBXVariantGroup;
			children = (
				04ED0EBD20528A1800638850 /* Base */,
			);
			name = Main.storyboard;
			sourceTree = "<group>";
		};
		04ED0EC120528A1800638850 /* LaunchScreen.storyboard */ = {
			isa = PBXVariantGroup;
			children = (
				04ED0EC220528A1800638850 /* Base */,
			);
			name = LaunchScreen.storyboard;
			sourceTree = "<group>";
		};
/* End PBXVariantGroup section */

/* Begin XCBuildConfiguration section */
		04ED0EDD20528A1800638850 /* Debug */ = {
			isa = XCBuildConfiguration;
			buildSettings = {
				ALWAYS_SEARCH_USER_PATHS = NO;
				CLANG_ANALYZER_NONNULL = YES;
				CLANG_ANALYZER_NUMBER_OBJECT_CONVERSION = YES_AGGRESSIVE;
				CLANG_CXX_LANGUAGE_STANDARD = "gnu++14";
				CLANG_CXX_LIBRARY = "libc++";
				CLANG_ENABLE_MODULES = YES;
				CLANG_ENABLE_OBJC_ARC = YES;
				CLANG_WARN_BLOCK_CAPTURE_AUTORELEASING = YES;
				CLANG_WARN_BOOL_CONVERSION = YES;
				CLANG_WARN_COMMA = YES;
				CLANG_WARN_CONSTANT_CONVERSION = YES;
				CLANG_WARN_DIRECT_OBJC_ISA_USAGE = YES_ERROR;
				CLANG_WARN_DOCUMENTATION_COMMENTS = YES;
				CLANG_WARN_EMPTY_BODY = YES;
				CLANG_WARN_ENUM_CONVERSION = YES;
				CLANG_WARN_INFINITE_RECURSION = YES;
				CLANG_WARN_INT_CONVERSION = YES;
				CLANG_WARN_NON_LITERAL_NULL_CONVERSION = YES;
				CLANG_WARN_OBJC_LITERAL_CONVERSION = YES;
				CLANG_WARN_OBJC_ROOT_CLASS = YES_ERROR;
				CLANG_WARN_RANGE_LOOP_ANALYSIS = YES;
				CLANG_WARN_STRICT_PROTOTYPES = YES;
				CLANG_WARN_SUSPICIOUS_MOVE = YES;
				CLANG_WARN_UNGUARDED_AVAILABILITY = YES_AGGRESSIVE;
				CLANG_WARN_UNREACHABLE_CODE = YES;
				CLANG_WARN__DUPLICATE_METHOD_MATCH = YES;
				CODE_SIGN_IDENTITY = "iPhone Developer";
				COPY_PHASE_STRIP = NO;
				DEBUG_INFORMATION_FORMAT = dwarf;
				ENABLE_STRICT_OBJC_MSGSEND = YES;
				ENABLE_TESTABILITY = YES;
				GCC_C_LANGUAGE_STANDARD = gnu11;
				GCC_DYNAMIC_NO_PIC = NO;
				GCC_NO_COMMON_BLOCKS = YES;
				GCC_OPTIMIZATION_LEVEL = 0;
				GCC_PREPROCESSOR_DEFINITIONS = (
					"DEBUG=1",
					"$(inherited)",
				);
				GCC_WARN_64_TO_32_BIT_CONVERSION = YES;
				GCC_WARN_ABOUT_RETURN_TYPE = YES_ERROR;
				GCC_WARN_UNDECLARED_SELECTOR = YES;
				GCC_WARN_UNINITIALIZED_AUTOS = YES_AGGRESSIVE;
				GCC_WARN_UNUSED_FUNCTION = YES;
				GCC_WARN_UNUSED_VARIABLE = YES;
				IPHONEOS_DEPLOYMENT_TARGET = 11.1;
				MTL_ENABLE_DEBUG_INFO = YES;
				ONLY_ACTIVE_ARCH = YES;
				SDKROOT = iphoneos;
			};
			name = Debug;
		};
		04ED0EDE20528A1800638850 /* Release */ = {
			isa = XCBuildConfiguration;
			buildSettings = {
				ALWAYS_SEARCH_USER_PATHS = NO;
				CLANG_ANALYZER_NONNULL = YES;
				CLANG_ANALYZER_NUMBER_OBJECT_CONVERSION = YES_AGGRESSIVE;
				CLANG_CXX_LANGUAGE_STANDARD = "gnu++14";
				CLANG_CXX_LIBRARY = "libc++";
				CLANG_ENABLE_MODULES = YES;
				CLANG_ENABLE_OBJC_ARC = YES;
				CLANG_WARN_BLOCK_CAPTURE_AUTORELEASING = YES;
				CLANG_WARN_BOOL_CONVERSION = YES;
				CLANG_WARN_COMMA = YES;
				CLANG_WARN_CONSTANT_CONVERSION = YES;
				CLANG_WARN_DIRECT_OBJC_ISA_USAGE = YES_ERROR;
				CLANG_WARN_DOCUMENTATION_COMMENTS = YES;
				CLANG_WARN_EMPTY_BODY = YES;
				CLANG_WARN_ENUM_CONVERSION = YES;
				CLANG_WARN_INFINITE_RECURSION = YES;
				CLANG_WARN_INT_CONVERSION = YES;
				CLANG_WARN_NON_LITERAL_NULL_CONVERSION = YES;
				CLANG_WARN_OBJC_LITERAL_CONVERSION = YES;
				CLANG_WARN_OBJC_ROOT_CLASS = YES_ERROR;
				CLANG_WARN_RANGE_LOOP_ANALYSIS = YES;
				CLANG_WARN_STRICT_PROTOTYPES = YES;
				CLANG_WARN_SUSPICIOUS_MOVE = YES;
				CLANG_WARN_UNGUARDED_AVAILABILITY = YES_AGGRESSIVE;
				CLANG_WARN_UNREACHABLE_CODE = YES;
				CLANG_WARN__DUPLICATE_METHOD_MATCH = YES;
				CODE_SIGN_IDENTITY = "iPhone Developer";
				COPY_PHASE_STRIP = NO;
				DEBUG_INFORMATION_FORMAT = "dwarf-with-dsym";
				ENABLE_NS_ASSERTIONS = NO;
				ENABLE_STRICT_OBJC_MSGSEND = YES;
				GCC_C_LANGUAGE_STANDARD = gnu11;
				GCC_NO_COMMON_BLOCKS = YES;
				GCC_WARN_64_TO_32_BIT_CONVERSION = YES;
				GCC_WARN_ABOUT_RETURN_TYPE = YES_ERROR;
				GCC_WARN_UNDECLARED_SELECTOR = YES;
				GCC_WARN_UNINITIALIZED_AUTOS = YES_AGGRESSIVE;
				GCC_WARN_UNUSED_FUNCTION = YES;
				GCC_WARN_UNUSED_VARIABLE = YES;
				IPHONEOS_DEPLOYMENT_TARGET = 11.1;
				MTL_ENABLE_DEBUG_INFO = NO;
				SDKROOT = iphoneos;
				VALIDATE_PRODUCT = YES;
			};
			name = Release;
		};
		04ED0EE020528A1800638850 /* Debug */ = {
			isa = XCBuildConfiguration;
			baseConfigurationReference = 4307E8FDEDA9C1F745F3CAA1 /* Pods-PainManagementSystem.debug.xcconfig */;
			buildSettings = {
				ASSETCATALOG_COMPILER_APPICON_NAME = AppIcon;
				CODE_SIGN_ENTITLEMENTS = PainManagementSystem/PainManagementSystem.entitlements;
				CODE_SIGN_STYLE = Automatic;
				DEVELOPMENT_TEAM = A457Z9M6ER;
				INFOPLIST_FILE = "PainManagementSystem/Supporting Files/Info.plist";
				IPHONEOS_DEPLOYMENT_TARGET = 10.0;
				LD_RUNPATH_SEARCH_PATHS = "$(inherited) @executable_path/Frameworks";
				PRODUCT_BUNDLE_IDENTIFIER = com.Lifotronic.PainManagementSystem;
				PRODUCT_NAME = "$(TARGET_NAME)";
				TARGETED_DEVICE_FAMILY = "1,2";
			};
			name = Debug;
		};
		04ED0EE120528A1800638850 /* Release */ = {
			isa = XCBuildConfiguration;
			baseConfigurationReference = 46139ECA2C28F3C37539F297 /* Pods-PainManagementSystem.release.xcconfig */;
			buildSettings = {
				ASSETCATALOG_COMPILER_APPICON_NAME = AppIcon;
				CODE_SIGN_ENTITLEMENTS = PainManagementSystem/PainManagementSystem.entitlements;
				CODE_SIGN_STYLE = Automatic;
				DEVELOPMENT_TEAM = A457Z9M6ER;
				INFOPLIST_FILE = "PainManagementSystem/Supporting Files/Info.plist";
				IPHONEOS_DEPLOYMENT_TARGET = 10.0;
				LD_RUNPATH_SEARCH_PATHS = "$(inherited) @executable_path/Frameworks";
				PRODUCT_BUNDLE_IDENTIFIER = com.Lifotronic.PainManagementSystem;
				PRODUCT_NAME = "$(TARGET_NAME)";
				TARGETED_DEVICE_FAMILY = "1,2";
			};
			name = Release;
		};
		04ED0EE320528A1800638850 /* Debug */ = {
			isa = XCBuildConfiguration;
			buildSettings = {
				BUNDLE_LOADER = "$(TEST_HOST)";
				CODE_SIGN_STYLE = Automatic;
				DEVELOPMENT_TEAM = A457Z9M6ER;
				INFOPLIST_FILE = PainManagementSystemTests/Info.plist;
				LD_RUNPATH_SEARCH_PATHS = "$(inherited) @executable_path/Frameworks @loader_path/Frameworks";
				PRODUCT_BUNDLE_IDENTIFIER = Lifotronic.PainManagementSystemTests;
				PRODUCT_NAME = "$(TARGET_NAME)";
				TARGETED_DEVICE_FAMILY = "1,2";
				TEST_HOST = "$(BUILT_PRODUCTS_DIR)/PainManagementSystem.app/PainManagementSystem";
			};
			name = Debug;
		};
		04ED0EE420528A1800638850 /* Release */ = {
			isa = XCBuildConfiguration;
			buildSettings = {
				BUNDLE_LOADER = "$(TEST_HOST)";
				CODE_SIGN_STYLE = Automatic;
				DEVELOPMENT_TEAM = A457Z9M6ER;
				INFOPLIST_FILE = PainManagementSystemTests/Info.plist;
				LD_RUNPATH_SEARCH_PATHS = "$(inherited) @executable_path/Frameworks @loader_path/Frameworks";
				PRODUCT_BUNDLE_IDENTIFIER = Lifotronic.PainManagementSystemTests;
				PRODUCT_NAME = "$(TARGET_NAME)";
				TARGETED_DEVICE_FAMILY = "1,2";
				TEST_HOST = "$(BUILT_PRODUCTS_DIR)/PainManagementSystem.app/PainManagementSystem";
			};
			name = Release;
		};
		04ED0EE620528A1800638850 /* Debug */ = {
			isa = XCBuildConfiguration;
			buildSettings = {
				CODE_SIGN_STYLE = Automatic;
				DEVELOPMENT_TEAM = A457Z9M6ER;
				INFOPLIST_FILE = PainManagementSystemUITests/Info.plist;
				LD_RUNPATH_SEARCH_PATHS = "$(inherited) @executable_path/Frameworks @loader_path/Frameworks";
				PRODUCT_BUNDLE_IDENTIFIER = Lifotronic.PainManagementSystemUITests;
				PRODUCT_NAME = "$(TARGET_NAME)";
				TARGETED_DEVICE_FAMILY = "1,2";
				TEST_TARGET_NAME = PainManagementSystem;
			};
			name = Debug;
		};
		04ED0EE720528A1800638850 /* Release */ = {
			isa = XCBuildConfiguration;
			buildSettings = {
				CODE_SIGN_STYLE = Automatic;
				DEVELOPMENT_TEAM = A457Z9M6ER;
				INFOPLIST_FILE = PainManagementSystemUITests/Info.plist;
				LD_RUNPATH_SEARCH_PATHS = "$(inherited) @executable_path/Frameworks @loader_path/Frameworks";
				PRODUCT_BUNDLE_IDENTIFIER = Lifotronic.PainManagementSystemUITests;
				PRODUCT_NAME = "$(TARGET_NAME)";
				TARGETED_DEVICE_FAMILY = "1,2";
				TEST_TARGET_NAME = PainManagementSystem;
			};
			name = Release;
		};
/* End XCBuildConfiguration section */

/* Begin XCConfigurationList section */
		04ED0EAB20528A1800638850 /* Build configuration list for PBXProject "PainManagementSystem" */ = {
			isa = XCConfigurationList;
			buildConfigurations = (
				04ED0EDD20528A1800638850 /* Debug */,
				04ED0EDE20528A1800638850 /* Release */,
			);
			defaultConfigurationIsVisible = 0;
			defaultConfigurationName = Release;
		};
		04ED0EDF20528A1800638850 /* Build configuration list for PBXNativeTarget "PainManagementSystem" */ = {
			isa = XCConfigurationList;
			buildConfigurations = (
				04ED0EE020528A1800638850 /* Debug */,
				04ED0EE120528A1800638850 /* Release */,
			);
			defaultConfigurationIsVisible = 0;
			defaultConfigurationName = Release;
		};
		04ED0EE220528A1800638850 /* Build configuration list for PBXNativeTarget "PainManagementSystemTests" */ = {
			isa = XCConfigurationList;
			buildConfigurations = (
				04ED0EE320528A1800638850 /* Debug */,
				04ED0EE420528A1800638850 /* Release */,
			);
			defaultConfigurationIsVisible = 0;
			defaultConfigurationName = Release;
		};
		04ED0EE520528A1800638850 /* Build configuration list for PBXNativeTarget "PainManagementSystemUITests" */ = {
			isa = XCConfigurationList;
			buildConfigurations = (
				04ED0EE620528A1800638850 /* Debug */,
				04ED0EE720528A1800638850 /* Release */,
			);
			defaultConfigurationIsVisible = 0;
			defaultConfigurationName = Release;
		};
/* End XCConfigurationList section */
	};
	rootObject = 04ED0EA820528A1800638850 /* Project object */;
}
